
Microsoft Visual Studio Solution File, Format Version 12.00
# Visual Studio Version 17
VisualStudioVersion = 17.0.31903.59
MinimumVisualStudioVersion = 10.0.40219.1
Project("{8BC9CEB8-8B4A-11D0-8D11-00A0C91BC942}") = "my_windows_header_only", "my_windows\my_windows.vcxproj", "{B39786F3-3CF0-4828-BE14-C6F2E2E7B67D}"
EndProject
Project("{8BC9CEB8-8B4A-11D0-8D11-00A0C91BC942}") = "my_windows_test_exec", "my_windows_test_exec\my_windows_test_exec.vcxproj", "{60F3B09D-4607-410A-B53F-3AA53F4B4344}"
EndProject
Project("{2150E333-8FDC-42A3-9474-1A3956D46DE8}") = "Solution Items", "Solution Items", "{825CD877-F3B8-4D1E-8247-246B35382BA2}"
	ProjectSection(SolutionItems) = preProject
		doc\distribute.bat = doc\distribute.bat
		doc\tools\Doxyfile = doc\tools\Doxyfile
		doc\tools\generate_doc.bat = doc\tools\generate_doc.bat
		doxygen_doc\html\index.html = doxygen_doc\html\index.html
		README.MD = README.MD
	EndProjectSection
EndProject
Project("{8BC9CEB8-8B4A-11D0-8D11-00A0C91BC942}") = "my_windows_dll", "my_windows_dll\my_windows_dll.vcxproj", "{FA88AAD1-63D8-46C9-9DC2-FD661F7DE0F9}"
EndProject
Global
	GlobalSection(SolutionConfigurationPlatforms) = preSolution
		Debug|x64 = Debug|x64
		Debug|x86 = Debug|x86
		Release|x64 = Release|x64
		Release|x86 = Release|x86
	EndGlobalSection
	GlobalSection(ProjectConfigurationPlatforms) = postSolution
		{B39786F3-3CF0-4828-BE14-C6F2E2E7B67D}.Debug|x64.ActiveCfg = Debug|x64
		{B39786F3-3CF0-4828-BE14-C6F2E2E7B67D}.Debug|x64.Build.0 = Debug|x64
		{B39786F3-3CF0-4828-BE14-C6F2E2E7B67D}.Debug|x86.ActiveCfg = Debug|Win32
		{B39786F3-3CF0-4828-BE14-C6F2E2E7B67D}.Debug|x86.Build.0 = Debug|Win32
		{B39786F3-3CF0-4828-BE14-C6F2E2E7B67D}.Release|x64.ActiveCfg = Release|x64
		{B39786F3-3CF0-4828-BE14-C6F2E2E7B67D}.Release|x64.Build.0 = Release|x64
		{B39786F3-3CF0-4828-BE14-C6F2E2E7B67D}.Release|x86.ActiveCfg = Release|Win32
		{B39786F3-3CF0-4828-BE14-C6F2E2E7B67D}.Release|x86.Build.0 = Release|Win32
		{60F3B09D-4607-410A-B53F-3AA53F4B4344}.Debug|x64.ActiveCfg = Debug|x64
		{60F3B09D-4607-410A-B53F-3AA53F4B4344}.Debug|x64.Build.0 = Debug|x64
		{60F3B09D-4607-410A-B53F-3AA53F4B4344}.Debug|x86.ActiveCfg = Debug|Win32
		{60F3B09D-4607-410A-B53F-3AA53F4B4344}.Debug|x86.Build.0 = Debug|Win32
		{60F3B09D-4607-410A-B53F-3AA53F4B4344}.Release|x64.ActiveCfg = Release|x64
		{60F3B09D-4607-410A-B53F-3AA53F4B4344}.Release|x64.Build.0 = Release|x64
		{60F3B09D-4607-410A-B53F-3AA53F4B4344}.Release|x86.ActiveCfg = Release|Win32
		{60F3B09D-4607-410A-B53F-3AA53F4B4344}.Release|x86.Build.0 = Release|Win32
		{FA88AAD1-63D8-46C9-9DC2-FD661F7DE0F9}.Debug|x64.ActiveCfg = Debug|x64
		{FA88AAD1-63D8-46C9-9DC2-FD661F7DE0F9}.Debug|x64.Build.0 = Debug|x64
		{FA88AAD1-63D8-46C9-9DC2-FD661F7DE0F9}.Debug|x86.ActiveCfg = Debug|Win32
		{FA88AAD1-63D8-46C9-9DC2-FD661F7DE0F9}.Debug|x86.Build.0 = Debug|Win32
		{FA88AAD1-63D8-46C9-9DC2-FD661F7DE0F9}.Release|x64.ActiveCfg = Release|x64
		{FA88AAD1-63D8-46C9-9DC2-FD661F7DE0F9}.Release|x64.Build.0 = Release|x64
		{FA88AAD1-63D8-46C9-9DC2-FD661F7DE0F9}.Release|x86.ActiveCfg = Release|Win32
		{FA88AAD1-63D8-46C9-9DC2-FD661F7DE0F9}.Release|x86.Build.0 = Release|Win32
	EndGlobalSection
	GlobalSection(SolutionProperties) = preSolution
		HideSolutionNode = FALSE
	EndGlobalSection
	GlobalSection(ExtensibilityGlobals) = postSolution
		SolutionGuid = {DFB23C78-2DCB-4A3C-9F16-7DEC01B78C10}
	EndGlobalSection
EndGlobal
